
Microsoft Visual Studio Solution File, Format Version 12.00
# Visual Studio Version 17
VisualStudioVersion = 17.13.35931.197 d17.13
MinimumVisualStudioVersion = 10.0.40219.1
Project("{FAE04EC0-301F-11D3-BF4B-00C04F79EFBC}") = "NaukriJobUpdate", "NaukriJobUpdate\NaukriJobUpdate.csproj", "{82B04001-4FF7-4CB0-AC9E-E78CAD3562A0}"
EndProject
Global
	GlobalSection(SolutionConfigurationPlatforms) = preSolution
		Debug|Any CPU = Debug|Any CPU
		Release|Any CPU = Release|Any CPU
	EndGlobalSection
	GlobalSection(ProjectConfigurationPlatforms) = postSolution
		{82B04001-4FF7-4CB0-AC9E-E78CAD3562A0}.Debug|Any CPU.ActiveCfg = Debug|Any CPU
		{82B04001-4FF7-4CB0-AC9E-E78CAD3562A0}.Debug|Any CPU.Build.0 = Debug|Any CPU
		{82B04001-4FF7-4CB0-AC9E-E78CAD3562A0}.Release|Any CPU.ActiveCfg = Release|Any CPU
		{82B04001-4FF7-4CB0-AC9E-E78CAD3562A0}.Release|Any CPU.Build.0 = Release|Any CPU
	EndGlobalSection
	GlobalSection(SolutionProperties) = preSolution
		HideSolutionNode = FALSE
	EndGlobalSection
	GlobalSection(ExtensibilityGlobals) = postSolution
		SolutionGuid = {B04691DC-3ABD-4E9C-B7D1-F0EE20F65A68}
	EndGlobalSection
EndGlobal
